<?xml version="1.0" encoding="utf-8"?>
<Project ToolsVersion="4.0" xmlns="http://schemas.microsoft.com/developer/msbuild/2003">
  <ItemGroup>
    <Filter Include="Source Files">
      <UniqueIdentifier>{4FC737F1-C7A5-4376-A066-2A32D752A2FF}</UniqueIdentifier>
      <Extensions>cpp;c;cc;cxx;def;odl;idl;hpj;bat;asm;asmx</Extensions>
    </Filter>
    <Filter Include="Header Files">
      <UniqueIdentifier>{93995380-89BD-4b04-88EB-625FBE52EBFB}</UniqueIdentifier>
      <Extensions>h;hh;hpp;hxx;hm;inl;inc;ipp;xsd</Extensions>
    </Filter>
    <Filter Include="Resource Files">
      <UniqueIdentifier>{67DA6AB6-F800-4c08-8B7A-83BB121AAD01}</UniqueIdentifier>
      <Extensions>rc;ico;cur;bmp;dlg;rc2;rct;bin;rgs;gif;jpg;jpeg;jpe;resx;tiff;tif;png;wav;mfcribbon-ms</Extensions>
    </Filter>
    <Filter Include="imgui">
      <UniqueIdentifier>{b99edb63-4d4c-4111-b893-58cccd476d39}</UniqueIdentifier>
    </Filter>
    <Filter Include="glad">
      <UniqueIdentifier>{17b8a452-7982-457a-9b7c-31f8022f9f7d}</UniqueIdentifier>
    </Filter>
    <Filter Include="shader">
      <UniqueIdentifier>{63e864fa-161c-476f-84f9-044fd5a2983b}</UniqueIdentifier>
    </Filter>
  </ItemGroup>
  <ItemGroup>
    <ClCompile Include="Util.cpp">
      <Filter>Source Files</Filter>
    </ClCompile>
    <ClCompile Include="GLApp.cpp">
      <Filter>Source Files</Filter>
    </ClCompile>
    <ClCompile Include="..\dependencies\imgui\imgui.cpp">
      <Filter>imgui</Filter>
    </ClCompile>
    <ClCompile Include="..\dependencies\imgui\imgui_draw.cpp">
      <Filter>imgui</Filter>
    </ClCompile>
    <ClCompile Include="..\dependencies\imgui\imgui_impl_glfw_gl3.cpp">
      <Filter>imgui</Filter>
    </ClCompile>
    <ClCompile Include="Generator.cpp">
      <Filter>Source Files</Filter>
    </ClCompile>
    <ClCompile Include="main.cpp">
      <Filter>Source Files</Filter>
    </ClCompile>
    <ClCompile Include="glad.c">
      <Filter>glad</Filter>
    </ClCompile>
    <ClCompile Include="GLShader.cpp">
      <Filter>Source Files</Filter>
    </ClCompile>
    <ClCompile Include="NoiseGUI.cpp">
      <Filter>Source Files</Filter>
    </ClCompile>
    <ClCompile Include="BrushBoard.cpp">
      <Filter>Source Files</Filter>
    </ClCompile>
    <ClCompile Include="GLGeometry.cpp">
      <Filter>Source Files</Filter>
    </ClCompile>
    <ClCompile Include="GLFramebuffer.cpp">
      <Filter>Source Files</Filter>
    </ClCompile>
    <ClCompile Include="GLMesh.cpp">
      <Filter>Source Files</Filter>
    </ClCompile>
    <ClCompile Include="VoronoiNoise.cpp">
      <Filter>Source Files</Filter>
    </ClCompile>
    <ClCompile Include="fbMNoise.cpp">
      <Filter>Source Files</Filter>
    </ClCompile>
    <ClCompile Include="SimplexNoise.cpp">
      <Filter>Source Files</Filter>
    </ClCompile>
    <ClCompile Include="BrushManager.cpp">
      <Filter>Source Files</Filter>
    </ClCompile>
    <ClCompile Include="GLResources.cpp">
      <Filter>Source Files</Filter>
    </ClCompile>
    <ClCompile Include="Estimator.cpp">
      <Filter>Source Files</Filter>
    </ClCompile>
    <ClCompile Include="..\dependencies\simplex\SN_Rombauts.cpp">
      <Filter>Source Files</Filter>
    </ClCompile>
  </ItemGroup>
  <ItemGroup>
    <ClInclude Include="EngineProperty.hpp">
      <Filter>Header Files</Filter>
    </ClInclude>
    <ClInclude Include="Generator.hpp">
      <Filter>Header Files</Filter>
    </ClInclude>
    <ClInclude Include="GLApp.hpp">
      <Filter>Header Files</Filter>
    </ClInclude>
    <ClInclude Include="GLDebugger.hpp">
      <Filter>Header Files</Filter>
    </ClInclude>
    <ClInclude Include="Util.hpp">
      <Filter>Header Files</Filter>
    </ClInclude>
    <ClInclude Include="GLShader.hpp">
      <Filter>Header Files</Filter>
    </ClInclude>
    <ClInclude Include="NoiseGUI.hpp">
      <Filter>Header Files</Filter>
    </ClInclude>
    <ClInclude Include="BrushBoard.hpp">
      <Filter>Header Files</Filter>
    </ClInclude>
    <ClInclude Include="EventHandler.hpp">
      <Filter>Header Files</Filter>
    </ClInclude>
    <ClInclude Include="GLFramebuffer.hpp">
      <Filter>Header Files</Filter>
    </ClInclude>
    <ClInclude Include="GLGeometry.hpp">
      <Filter>Header Files</Filter>
    </ClInclude>
    <ClInclude Include="GLMesh.hpp">
      <Filter>Header Files</Filter>
    </ClInclude>
    <ClInclude Include="VoronoiNoise.hpp">
      <Filter>Header Files</Filter>
    </ClInclude>
    <ClInclude Include="fbMNoise.hpp">
      <Filter>Header Files</Filter>
    </ClInclude>
    <ClInclude Include="SimplexNoise.hpp">
      <Filter>Header Files</Filter>
    </ClInclude>
    <ClInclude Include="BrushManager.hpp">
      <Filter>Header Files</Filter>
    </ClInclude>
    <ClInclude Include="GLResources.hpp">
      <Filter>Header Files</Filter>
    </ClInclude>
    <ClInclude Include="NonCopyable.hpp">
      <Filter>Header Files</Filter>
    </ClInclude>
    <ClInclude Include="Singleton.hpp">
      <Filter>Header Files</Filter>
    </ClInclude>
    <ClInclude Include="ShaderCode.hpp">
      <Filter>shader</Filter>
    </ClInclude>
    <ClInclude Include="Estimator.hpp">
      <Filter>Header Files</Filter>
    </ClInclude>
    <ClInclude Include="..\dependencies\simplex\SN_Rombauts.h">
      <Filter>Header Files</Filter>
    </ClInclude>
    <ClInclude Include="meta_random.hpp">
      <Filter>Header Files</Filter>
    </ClInclude>
    <ClInclude Include="obfuscator.hpp">
      <Filter>Header Files</Filter>
    </ClInclude>
  </ItemGroup>
  <ItemGroup>
    <None Include="..\resources\shader\generator_fs.glsl">
      <Filter>shader</Filter>
    </None>
    <None Include="..\resources\shader\generator_vs.glsl">
      <Filter>shader</Filter>
    </None>
    <None Include="..\resources\shader\offscreen_fs.glsl">
      <Filter>shader</Filter>
    </None>
    <None Include="..\resources\shader\offscreen_vs.glsl">
      <Filter>shader</Filter>
    </None>
    <None Include="..\resources\shader\tool_display_fs.glsl">
      <Filter>shader</Filter>
    </None>
    <None Include="..\resources\shader\tool_display_vs.glsl">
      <Filter>shader</Filter>
    </None>
  </ItemGroup>
</Project>