<?xml version="1.0" encoding="utf-8"?>
<Project ToolsVersion="4.0" xmlns="http://schemas.microsoft.com/developer/msbuild/2003">
  <ItemGroup>
    <Filter Include="Source Files">
      <UniqueIdentifier>{4FC737F1-C7A5-4376-A066-2A32D752A2FF}</UniqueIdentifier>
      <Extensions>cpp;c;cc;cxx;def;odl;idl;hpj;bat;asm;asmx</Extensions>
    </Filter>
    <Filter Include="Header Files">
      <UniqueIdentifier>{93995380-89BD-4b04-88EB-625FBE52EBFB}</UniqueIdentifier>
      <Extensions>h;hh;hpp;hxx;hm;inl;inc;ipp;xsd</Extensions>
    </Filter>
    <Filter Include="glad">
      <UniqueIdentifier>{08ac5eb7-40f9-48e3-9be8-f4fffd2ee65e}</UniqueIdentifier>
    </Filter>
    <Filter Include="shader">
      <UniqueIdentifier>{a072ddbf-202f-429b-9022-138456f9e6d9}</UniqueIdentifier>
    </Filter>
    <Filter Include="imgui">
      <UniqueIdentifier>{0dc9f8e0-4d52-4d7f-b3a6-2c39f1e43cae}</UniqueIdentifier>
    </Filter>
  </ItemGroup>
  <ItemGroup>
    <ClCompile Include="main.cpp">
      <Filter>Source Files</Filter>
    </ClCompile>
    <ClCompile Include="EngineLogger.cpp">
      <Filter>Source Files</Filter>
    </ClCompile>
    <ClCompile Include="EngineProfiler.cpp">
      <Filter>Source Files</Filter>
    </ClCompile>
    <ClCompile Include="GLShader.cpp">
      <Filter>Source Files</Filter>
    </ClCompile>
    <ClCompile Include="glad.c">
      <Filter>glad</Filter>
    </ClCompile>
    <ClCompile Include="EngineAsset.cpp">
      <Filter>Source Files</Filter>
    </ClCompile>
    <ClCompile Include="AssetManager.cpp">
      <Filter>Source Files</Filter>
    </ClCompile>
    <ClCompile Include="GLApp.cpp">
      <Filter>Source Files</Filter>
    </ClCompile>
    <ClCompile Include="EngineApp.cpp">
      <Filter>Source Files</Filter>
    </ClCompile>
    <ClCompile Include="GLResources.cpp">
      <Filter>Source Files</Filter>
    </ClCompile>
    <ClCompile Include="EngineTerrain.cpp">
      <Filter>Source Files</Filter>
    </ClCompile>
    <ClCompile Include="GLTexture.cpp">
      <Filter>Source Files</Filter>
    </ClCompile>
    <ClCompile Include="GLMesh.cpp">
      <Filter>Source Files</Filter>
    </ClCompile>
    <ClCompile Include="TerrainPatch.cpp">
      <Filter>Source Files</Filter>
    </ClCompile>
    <ClCompile Include="GLGeometry.cpp">
      <Filter>Source Files</Filter>
    </ClCompile>
    <ClCompile Include="EngineCamera.cpp">
      <Filter>Source Files</Filter>
    </ClCompile>
    <ClCompile Include="EngineGUI.cpp">
      <Filter>Source Files</Filter>
    </ClCompile>
    <ClCompile Include="DynamicTerrain.cpp">
      <Filter>Source Files</Filter>
    </ClCompile>
    <ClCompile Include="..\dependencies\imgui\imgui.cpp">
      <Filter>imgui</Filter>
    </ClCompile>
    <ClCompile Include="..\dependencies\imgui\imgui_draw.cpp">
      <Filter>imgui</Filter>
    </ClCompile>
    <ClCompile Include="..\dependencies\imgui\imgui_impl_glfw_gl3.cpp">
      <Filter>imgui</Filter>
    </ClCompile>
    <ClCompile Include="EngineSkybox.cpp">
      <Filter>Source Files</Filter>
    </ClCompile>
    <ClCompile Include="GLFramebuffer.cpp">
      <Filter>Source Files</Filter>
    </ClCompile>
    <ClCompile Include="EngineWater.cpp">
      <Filter>Source Files</Filter>
    </ClCompile>
    <ClCompile Include="TextureViewer.cpp">
      <Filter>Source Files</Filter>
    </ClCompile>
    <ClCompile Include="EngineTimer.cpp">
      <Filter>Source Files</Filter>
    </ClCompile>
    <ClCompile Include="EngineCubeMap.cpp">
      <Filter>Source Files</Filter>
    </ClCompile>
    <ClCompile Include="EngineHDREnvMap.cpp">
      <Filter>Source Files</Filter>
    </ClCompile>
  </ItemGroup>
  <ItemGroup>
    <ClInclude Include="EngineLogger.hpp">
      <Filter>Header Files</Filter>
    </ClInclude>
    <ClInclude Include="EngineProfiler.hpp">
      <Filter>Header Files</Filter>
    </ClInclude>
    <ClInclude Include="EngineProperty.hpp">
      <Filter>Header Files</Filter>
    </ClInclude>
    <ClInclude Include="EngineTimer.hpp">
      <Filter>Header Files</Filter>
    </ClInclude>
    <ClInclude Include="GLDebugger.hpp">
      <Filter>Header Files</Filter>
    </ClInclude>
    <ClInclude Include="GLShader.hpp">
      <Filter>Header Files</Filter>
    </ClInclude>
    <ClInclude Include="EngineAsset.hpp">
      <Filter>Header Files</Filter>
    </ClInclude>
    <ClInclude Include="AssetManager.hpp">
      <Filter>Header Files</Filter>
    </ClInclude>
    <ClInclude Include="GLApp.hpp">
      <Filter>Header Files</Filter>
    </ClInclude>
    <ClInclude Include="EngineApp.hpp">
      <Filter>Header Files</Filter>
    </ClInclude>
    <ClInclude Include="EngineTerrain.hpp">
      <Filter>Header Files</Filter>
    </ClInclude>
    <ClInclude Include="GLResources.hpp">
      <Filter>Header Files</Filter>
    </ClInclude>
    <ClInclude Include="GLTexture.hpp">
      <Filter>Header Files</Filter>
    </ClInclude>
    <ClInclude Include="GLMesh.hpp">
      <Filter>Header Files</Filter>
    </ClInclude>
    <ClInclude Include="GLGeometry.hpp">
      <Filter>Header Files</Filter>
    </ClInclude>
    <ClInclude Include="TerrainPatch.hpp">
      <Filter>Header Files</Filter>
    </ClInclude>
    <ClInclude Include="EngineCamera.hpp">
      <Filter>Header Files</Filter>
    </ClInclude>
    <ClInclude Include="EngineGUI.hpp">
      <Filter>Header Files</Filter>
    </ClInclude>
    <ClInclude Include="DynamicTerrain.hpp">
      <Filter>Header Files</Filter>
    </ClInclude>
    <ClInclude Include="EngineSkybox.hpp">
      <Filter>Header Files</Filter>
    </ClInclude>
    <ClInclude Include="GLFramebuffer.hpp">
      <Filter>Header Files</Filter>
    </ClInclude>
    <ClInclude Include="EngineWater.hpp">
      <Filter>Header Files</Filter>
    </ClInclude>
    <ClInclude Include="TextureViewer.hpp">
      <Filter>Header Files</Filter>
    </ClInclude>
    <ClInclude Include="EngineCubeMap.hpp">
      <Filter>Header Files</Filter>
    </ClInclude>
    <ClInclude Include="EngineHDREnvMap.hpp">
      <Filter>Header Files</Filter>
    </ClInclude>
  </ItemGroup>
  <ItemGroup>
    <None Include="..\resources\shader\bakeNormalMap.fs.glsl">
      <Filter>shader</Filter>
    </None>
    <None Include="..\resources\shader\bakeNormalMap_vs.glsl">
      <Filter>shader</Filter>
    </None>
    <None Include="..\resources\shader\bakeTerrainMap_fs.glsl">
      <Filter>shader</Filter>
    </None>
    <None Include="..\resources\shader\bakeTerrainMap_vs.glsl">
      <Filter>shader</Filter>
    </None>
    <None Include="..\resources\shader\terrain_gs.glsl">
      <Filter>shader</Filter>
    </None>
    <None Include="..\resources\shader\terrain_tcs.glsl">
      <Filter>shader</Filter>
    </None>
    <None Include="..\resources\shader\terrain_tes.glsl">
      <Filter>shader</Filter>
    </None>
    <None Include="..\resources\shader\terrain_vs.glsl">
      <Filter>shader</Filter>
    </None>
    <None Include="..\resources\shader\terrain_fs.glsl">
      <Filter>shader</Filter>
    </None>
    <None Include="..\resources\shader\skybox_fs.glsl">
      <Filter>shader</Filter>
    </None>
    <None Include="..\resources\shader\skybox_vs.glsl">
      <Filter>shader</Filter>
    </None>
    <None Include="..\resources\shader\water_fs.glsl">
      <Filter>shader</Filter>
    </None>
    <None Include="..\resources\shader\water_vs.glsl">
      <Filter>shader</Filter>
    </None>
    <None Include="..\resources\shader\viewer_fs.glsl">
      <Filter>shader</Filter>
    </None>
    <None Include="..\resources\shader\viewer_vs.glsl">
      <Filter>shader</Filter>
    </None>
    <None Include="..\resources\shader\equiRectangularMapToCubemap_fs.glsl">
      <Filter>shader</Filter>
    </None>
    <None Include="..\resources\shader\equiRectangularMapToCubemap_vs.glsl">
      <Filter>shader</Filter>
    </None>
  </ItemGroup>
</Project>